// !$*UTF8*$!
{
	archiveVersion = 1;
	classes = {
	};
	objectVersion = 56;
	objects = {

/* Begin PBXBuildFile section */
		3E16E6202ACC87890001E4C0 /* FriendManagementViewController.swift in Sources */ = {isa = PBXBuildFile; fileRef = 3E16E61F2ACC87890001E4C0 /* FriendManagementViewController.swift */; };
		3E16E6222ACF0AAE0001E4C0 /* AddViewController.swift in Sources */ = {isa = PBXBuildFile; fileRef = 3E16E6212ACF0AAE0001E4C0 /* AddViewController.swift */; };
		3E16E6242ACF236D0001E4C0 /* MyFriendViewController.swift in Sources */ = {isa = PBXBuildFile; fileRef = 3E16E6232ACF236D0001E4C0 /* MyFriendViewController.swift */; };
		3E16E6262ACF23BE0001E4C0 /* RecievedRequestViewController.swift in Sources */ = {isa = PBXBuildFile; fileRef = 3E16E6252ACF23BE0001E4C0 /* RecievedRequestViewController.swift */; };
		3E16E6282ACFEA030001E4C0 /* Friend.swift in Sources */ = {isa = PBXBuildFile; fileRef = 3E16E6272ACFEA030001E4C0 /* Friend.swift */; };
		3E16E62A2ACFEA7C0001E4C0 /* RecievedRequestTableViewCell.swift in Sources */ = {isa = PBXBuildFile; fileRef = 3E16E6292ACFEA7C0001E4C0 /* RecievedRequestTableViewCell.swift */; };
		3E16E62C2ACFF0CB0001E4C0 /* FriendService.swift in Sources */ = {isa = PBXBuildFile; fileRef = 3E16E62B2ACFF0CB0001E4C0 /* FriendService.swift */; };
		3E28C0232B88B6740002E94E /* DeleteFriendPopupViewController.swift in Sources */ = {isa = PBXBuildFile; fileRef = 3E28C0202B88B6740002E94E /* DeleteFriendPopupViewController.swift */; };
		3E28C0242B88B6740002E94E /* FriendToDoViewController.swift in Sources */ = {isa = PBXBuildFile; fileRef = 3E28C0212B88B6740002E94E /* FriendToDoViewController.swift */; };
		3E28C0252B88B6740002E94E /* TestCalendarViewController.swift in Sources */ = {isa = PBXBuildFile; fileRef = 3E28C0222B88B6740002E94E /* TestCalendarViewController.swift */; };
		3E28C0282B88B7430002E94E /* GoogleMobileAds in Frameworks */ = {isa = PBXBuildFile; productRef = 3E28C0272B88B7430002E94E /* GoogleMobileAds */; };
		3E45D56F2A812E1700FC262F /* BottomSheetViewController.swift in Sources */ = {isa = PBXBuildFile; fileRef = 3E45D56E2A812E1700FC262F /* BottomSheetViewController.swift */; };
		3E9CB2222AAC8C7B00C39625 /* FSCalendar in Frameworks */ = {isa = PBXBuildFile; productRef = 3E9CB2212AAC8C7B00C39625 /* FSCalendar */; };
		3E9E4D982AD85ED8004EDAB6 /* FriendTableViewCell.swift in Sources */ = {isa = PBXBuildFile; fileRef = 3E9E4D972AD85ED8004EDAB6 /* FriendTableViewCell.swift */; };
		3E9E4D9A2AD85FA1004EDAB6 /* DeleteFriendTableViewCell.swift in Sources */ = {isa = PBXBuildFile; fileRef = 3E9E4D992AD85FA1004EDAB6 /* DeleteFriendTableViewCell.swift */; };
		3EABEBD52ABC2A1E007D27AA /* FirebaseMessaging in Frameworks */ = {isa = PBXBuildFile; productRef = 3EABEBD42ABC2A1E007D27AA /* FirebaseMessaging */; };
		3EABEBD92ABC2D9F007D27AA /* GoogleService-Info.plist in Resources */ = {isa = PBXBuildFile; fileRef = 3EABEBD82ABC2D9F007D27AA /* GoogleService-Info.plist */; };
		3EFFEDBD2B9A339100849C1C /* FriendTodoTableViewCell.swift in Sources */ = {isa = PBXBuildFile; fileRef = 3EFFEDBC2B9A339100849C1C /* FriendTodoTableViewCell.swift */; };
		7E06F0182A0F76A8001EF117 /* MyPageViewController.swift in Sources */ = {isa = PBXBuildFile; fileRef = 7E06F0172A0F76A8001EF117 /* MyPageViewController.swift */; };
		7E0710512A26AF2A00BD8AC7 /* DateFormat.swift in Sources */ = {isa = PBXBuildFile; fileRef = 7E0710502A26AF2A00BD8AC7 /* DateFormat.swift */; };
		7E0BF87E29EF8221003291B9 /* SnapKit in Frameworks */ = {isa = PBXBuildFile; productRef = 7E0BF87D29EF8221003291B9 /* SnapKit */; };
		7E0BF88029EF857A003291B9 /* LaunchScreenViewController.swift in Sources */ = {isa = PBXBuildFile; fileRef = 7E0BF87F29EF857A003291B9 /* LaunchScreenViewController.swift */; };
		7E0ED2C229EE87FF0097DDEF /* AppDelegate.swift in Sources */ = {isa = PBXBuildFile; fileRef = 7E0ED2C129EE87FF0097DDEF /* AppDelegate.swift */; };
		7E0ED2C429EE87FF0097DDEF /* SceneDelegate.swift in Sources */ = {isa = PBXBuildFile; fileRef = 7E0ED2C329EE87FF0097DDEF /* SceneDelegate.swift */; };
		7E0ED2CB29EE87FF0097DDEF /* Assets.xcassets in Resources */ = {isa = PBXBuildFile; fileRef = 7E0ED2CA29EE87FF0097DDEF /* Assets.xcassets */; };
		7E19483A2A1492D1008EA0A2 /* Extensions.swift in Sources */ = {isa = PBXBuildFile; fileRef = 7E1948392A1492D1008EA0A2 /* Extensions.swift */; };
		7E19483C2A14A347008EA0A2 /* TokenManager.swift in Sources */ = {isa = PBXBuildFile; fileRef = 7E19483B2A14A347008EA0A2 /* TokenManager.swift */; };
		7E1A5ADA2A00BDEF00008C2C /* EnterCodeViewController.swift in Sources */ = {isa = PBXBuildFile; fileRef = 7E1A5AD92A00BDEF00008C2C /* EnterCodeViewController.swift */; };
		7E1A5ADC2A00BE0800008C2C /* EnterProfileViewController.swift in Sources */ = {isa = PBXBuildFile; fileRef = 7E1A5ADB2A00BE0800008C2C /* EnterProfileViewController.swift */; };
		7E1A5ADE2A00BE1600008C2C /* FinishSignUpViewController.swift in Sources */ = {isa = PBXBuildFile; fileRef = 7E1A5ADD2A00BE1600008C2C /* FinishSignUpViewController.swift */; };
		7E27869C2A2E05280082AA1B /* ButtonManager.swift in Sources */ = {isa = PBXBuildFile; fileRef = 7E27869B2A2E05280082AA1B /* ButtonManager.swift */; };
		7E2E65B42A3D4549000D7296 /* Lottie in Frameworks */ = {isa = PBXBuildFile; productRef = 7E2E65B32A3D4549000D7296 /* Lottie */; };
		7E3B6EA82A42D839008E49B4 /* LabelManager.swift in Sources */ = {isa = PBXBuildFile; fileRef = 7E3B6EA72A42D839008E49B4 /* LabelManager.swift */; };
		7E3CB59E2A1F7791004AC4C0 /* ToDoService.swift in Sources */ = {isa = PBXBuildFile; fileRef = 7E3CB59D2A1F7791004AC4C0 /* ToDoService.swift */; };
		7E4341922A39ADE4009CBAB7 /* OneButtonPopupView.swift in Sources */ = {isa = PBXBuildFile; fileRef = 7E4341912A39ADE4009CBAB7 /* OneButtonPopupView.swift */; };
		7E44391229FF659A002012E6 /* LogInViewController.swift in Sources */ = {isa = PBXBuildFile; fileRef = 7E44391129FF659A002012E6 /* LogInViewController.swift */; };
		7E44391629FFC2B2002012E6 /* EnterEmailViewController.swift in Sources */ = {isa = PBXBuildFile; fileRef = 7E44391529FFC2B2002012E6 /* EnterEmailViewController.swift */; };
		7E45B52E2A1325FE00479D47 /* EditGroupSettingViewController.swift in Sources */ = {isa = PBXBuildFile; fileRef = 7E45B52D2A1325FE00479D47 /* EditGroupSettingViewController.swift */; };
		7E68C99B2A44918F00D76EBF /* NotificationSettingViewController.swift in Sources */ = {isa = PBXBuildFile; fileRef = 7E68C99A2A44918F00D76EBF /* NotificationSettingViewController.swift */; };
		7E74A70B2A2D858900CE3B09 /* NavigationBarManager.swift in Sources */ = {isa = PBXBuildFile; fileRef = 7E74A70A2A2D858900CE3B09 /* NavigationBarManager.swift */; };
		7E966A142A1C5AC3001303A5 /* UIButton+ColorAnimation.swift in Sources */ = {isa = PBXBuildFile; fileRef = 7E966A132A1C5AC3001303A5 /* UIButton+ColorAnimation.swift */; };
		7EA36AFF2A44496F005B4D08 /* KeyboardManager.swift in Sources */ = {isa = PBXBuildFile; fileRef = 7EA36AFE2A44496F005B4D08 /* KeyboardManager.swift */; };
		7EA36B012A445323005B4D08 /* TextFieldManager.swift in Sources */ = {isa = PBXBuildFile; fileRef = 7EA36B002A445323005B4D08 /* TextFieldManager.swift */; };
		7EA36B032A445581005B4D08 /* ViewManager.swift in Sources */ = {isa = PBXBuildFile; fileRef = 7EA36B022A445581005B4D08 /* ViewManager.swift */; };
		7EA36B052A445D78005B4D08 /* ImageViewMangager.swift in Sources */ = {isa = PBXBuildFile; fileRef = 7EA36B042A445D77005B4D08 /* ImageViewMangager.swift */; };
		7EB1CBCA2A1E110400B87694 /* ResponseModel.swift in Sources */ = {isa = PBXBuildFile; fileRef = 7EB1CBC92A1E110400B87694 /* ResponseModel.swift */; };
		7EB85D522A144AE700AAF263 /* AccountService.swift in Sources */ = {isa = PBXBuildFile; fileRef = 7EB85D512A144AE700AAF263 /* AccountService.swift */; };
		7EB85D542A144B1A00AAF263 /* APIConstant.swift in Sources */ = {isa = PBXBuildFile; fileRef = 7EB85D532A144B1A00AAF263 /* APIConstant.swift */; };
		7EB85D572A14544B00AAF263 /* KeychainAccess in Frameworks */ = {isa = PBXBuildFile; productRef = 7EB85D562A14544B00AAF263 /* KeychainAccess */; };
		7EC171982A35A8470097CBD6 /* ToDoMainViewController.swift in Sources */ = {isa = PBXBuildFile; fileRef = 7EC171972A35A8470097CBD6 /* ToDoMainViewController.swift */; };
		7EC2E0432A24D09C00437CD6 /* ToDo.swift in Sources */ = {isa = PBXBuildFile; fileRef = 7EC2E0422A24D09C00437CD6 /* ToDo.swift */; };
		7EC2E04C2A24D18500437CD6 /* Color.swift in Sources */ = {isa = PBXBuildFile; fileRef = 7EC2E04B2A24D18500437CD6 /* Color.swift */; };
		7EC2E0512A24D3DA00437CD6 /* ColorCollectionViewCell.swift in Sources */ = {isa = PBXBuildFile; fileRef = 7EC2E0502A24D3DA00437CD6 /* ColorCollectionViewCell.swift */; };
		7EC2E0572A24D55300437CD6 /* ToDoTableViewCell.swift in Sources */ = {isa = PBXBuildFile; fileRef = 7EC2E0562A24D55300437CD6 /* ToDoTableViewCell.swift */; };
		7ED6990E2A0116B9008C2374 /* Alamofire in Frameworks */ = {isa = PBXBuildFile; productRef = 7ED6990D2A0116B9008C2374 /* Alamofire */; };
		7ED699102A011934008C2374 /* NetworkResult.swift in Sources */ = {isa = PBXBuildFile; fileRef = 7ED6990F2A011934008C2374 /* NetworkResult.swift */; };
		7ED796862A1448A700ABC1C6 /* UserSession.swift in Sources */ = {isa = PBXBuildFile; fileRef = 7ED796852A1448A700ABC1C6 /* UserSession.swift */; };
		7ED9CCFE2A0DD65D003489D5 /* FindPasswordViewController.swift in Sources */ = {isa = PBXBuildFile; fileRef = 7ED9CCFD2A0DD65D003489D5 /* FindPasswordViewController.swift */; };
		7EE2C9002A1B462D001F2D17 /* TwoButtonPopupView.swift in Sources */ = {isa = PBXBuildFile; fileRef = 7EE2C8FF2A1B462D001F2D17 /* TwoButtonPopupView.swift */; };
		7EFE8FC02A123D0400369310 /* GroupSettingViewController.swift in Sources */ = {isa = PBXBuildFile; fileRef = 7EFE8FBF2A123D0400369310 /* GroupSettingViewController.swift */; };
		7EFE8FC22A1263D700369310 /* EditProfileViewController.swift in Sources */ = {isa = PBXBuildFile; fileRef = 7EFE8FC12A1263D700369310 /* EditProfileViewController.swift */; };
		7EFE8FC42A12789000369310 /* ChangePasswordViewController.swift in Sources */ = {isa = PBXBuildFile; fileRef = 7EFE8FC32A12789000369310 /* ChangePasswordViewController.swift */; };
		7EFE8FC62A12916700369310 /* DeleteAccountViewController.swift in Sources */ = {isa = PBXBuildFile; fileRef = 7EFE8FC52A12916700369310 /* DeleteAccountViewController.swift */; };
/* End PBXBuildFile section */

/* Begin PBXFileReference section */
		3E16E61F2ACC87890001E4C0 /* FriendManagementViewController.swift */ = {isa = PBXFileReference; lastKnownFileType = sourcecode.swift; path = FriendManagementViewController.swift; sourceTree = "<group>"; };
		3E16E6212ACF0AAE0001E4C0 /* AddViewController.swift */ = {isa = PBXFileReference; lastKnownFileType = sourcecode.swift; path = AddViewController.swift; sourceTree = "<group>"; };
		3E16E6232ACF236D0001E4C0 /* MyFriendViewController.swift */ = {isa = PBXFileReference; lastKnownFileType = sourcecode.swift; path = MyFriendViewController.swift; sourceTree = "<group>"; };
		3E16E6252ACF23BE0001E4C0 /* RecievedRequestViewController.swift */ = {isa = PBXFileReference; lastKnownFileType = sourcecode.swift; path = RecievedRequestViewController.swift; sourceTree = "<group>"; };
		3E16E6272ACFEA030001E4C0 /* Friend.swift */ = {isa = PBXFileReference; lastKnownFileType = sourcecode.swift; path = Friend.swift; sourceTree = "<group>"; };
		3E16E6292ACFEA7C0001E4C0 /* RecievedRequestTableViewCell.swift */ = {isa = PBXFileReference; lastKnownFileType = sourcecode.swift; path = RecievedRequestTableViewCell.swift; sourceTree = "<group>"; };
		3E16E62B2ACFF0CB0001E4C0 /* FriendService.swift */ = {isa = PBXFileReference; lastKnownFileType = sourcecode.swift; path = FriendService.swift; sourceTree = "<group>"; };
		3E28C0202B88B6740002E94E /* DeleteFriendPopupViewController.swift */ = {isa = PBXFileReference; fileEncoding = 4; lastKnownFileType = sourcecode.swift; path = DeleteFriendPopupViewController.swift; sourceTree = "<group>"; };
		3E28C0212B88B6740002E94E /* FriendToDoViewController.swift */ = {isa = PBXFileReference; fileEncoding = 4; lastKnownFileType = sourcecode.swift; path = FriendToDoViewController.swift; sourceTree = "<group>"; };
		3E28C0222B88B6740002E94E /* TestCalendarViewController.swift */ = {isa = PBXFileReference; fileEncoding = 4; lastKnownFileType = sourcecode.swift; path = TestCalendarViewController.swift; sourceTree = "<group>"; };
		3E45D56E2A812E1700FC262F /* BottomSheetViewController.swift */ = {isa = PBXFileReference; lastKnownFileType = sourcecode.swift; path = BottomSheetViewController.swift; sourceTree = "<group>"; };
		3E9E4D972AD85ED8004EDAB6 /* FriendTableViewCell.swift */ = {isa = PBXFileReference; lastKnownFileType = sourcecode.swift; path = FriendTableViewCell.swift; sourceTree = "<group>"; };
		3E9E4D992AD85FA1004EDAB6 /* DeleteFriendTableViewCell.swift */ = {isa = PBXFileReference; lastKnownFileType = sourcecode.swift; path = DeleteFriendTableViewCell.swift; sourceTree = "<group>"; };
		3EABEBD82ABC2D9F007D27AA /* GoogleService-Info.plist */ = {isa = PBXFileReference; fileEncoding = 4; lastKnownFileType = text.plist.xml; path = "GoogleService-Info.plist"; sourceTree = "<group>"; };
		3EABEBDA2ABC3103007D27AA /* TODORIDebug.entitlements */ = {isa = PBXFileReference; lastKnownFileType = text.plist.entitlements; path = TODORIDebug.entitlements; sourceTree = "<group>"; };
		3EFFEDBC2B9A339100849C1C /* FriendTodoTableViewCell.swift */ = {isa = PBXFileReference; lastKnownFileType = sourcecode.swift; path = FriendTodoTableViewCell.swift; sourceTree = "<group>"; };
		7E06F0172A0F76A8001EF117 /* MyPageViewController.swift */ = {isa = PBXFileReference; lastKnownFileType = sourcecode.swift; path = MyPageViewController.swift; sourceTree = "<group>"; };
		7E0710502A26AF2A00BD8AC7 /* DateFormat.swift */ = {isa = PBXFileReference; lastKnownFileType = sourcecode.swift; path = DateFormat.swift; sourceTree = "<group>"; };
		7E0BF87F29EF857A003291B9 /* LaunchScreenViewController.swift */ = {isa = PBXFileReference; lastKnownFileType = sourcecode.swift; path = LaunchScreenViewController.swift; sourceTree = "<group>"; };
		7E0ED2BE29EE87FF0097DDEF /* TODORI.app */ = {isa = PBXFileReference; explicitFileType = wrapper.application; includeInIndex = 0; path = TODORI.app; sourceTree = BUILT_PRODUCTS_DIR; };
		7E0ED2C129EE87FF0097DDEF /* AppDelegate.swift */ = {isa = PBXFileReference; lastKnownFileType = sourcecode.swift; path = AppDelegate.swift; sourceTree = "<group>"; };
		7E0ED2C329EE87FF0097DDEF /* SceneDelegate.swift */ = {isa = PBXFileReference; lastKnownFileType = sourcecode.swift; path = SceneDelegate.swift; sourceTree = "<group>"; };
		7E0ED2CA29EE87FF0097DDEF /* Assets.xcassets */ = {isa = PBXFileReference; lastKnownFileType = folder.assetcatalog; path = Assets.xcassets; sourceTree = "<group>"; };
		7E0ED2CF29EE87FF0097DDEF /* Info.plist */ = {isa = PBXFileReference; lastKnownFileType = text.plist.xml; path = Info.plist; sourceTree = "<group>"; };
		7E1948392A1492D1008EA0A2 /* Extensions.swift */ = {isa = PBXFileReference; lastKnownFileType = sourcecode.swift; path = Extensions.swift; sourceTree = "<group>"; };
		7E19483B2A14A347008EA0A2 /* TokenManager.swift */ = {isa = PBXFileReference; lastKnownFileType = sourcecode.swift; path = TokenManager.swift; sourceTree = "<group>"; };
		7E1A5AD92A00BDEF00008C2C /* EnterCodeViewController.swift */ = {isa = PBXFileReference; lastKnownFileType = sourcecode.swift; path = EnterCodeViewController.swift; sourceTree = "<group>"; };
		7E1A5ADB2A00BE0800008C2C /* EnterProfileViewController.swift */ = {isa = PBXFileReference; lastKnownFileType = sourcecode.swift; path = EnterProfileViewController.swift; sourceTree = "<group>"; };
		7E1A5ADD2A00BE1600008C2C /* FinishSignUpViewController.swift */ = {isa = PBXFileReference; lastKnownFileType = sourcecode.swift; path = FinishSignUpViewController.swift; sourceTree = "<group>"; };
		7E27869B2A2E05280082AA1B /* ButtonManager.swift */ = {isa = PBXFileReference; lastKnownFileType = sourcecode.swift; path = ButtonManager.swift; sourceTree = "<group>"; };
		7E3B6EA72A42D839008E49B4 /* LabelManager.swift */ = {isa = PBXFileReference; lastKnownFileType = sourcecode.swift; path = LabelManager.swift; sourceTree = "<group>"; };
		7E3CB59D2A1F7791004AC4C0 /* ToDoService.swift */ = {isa = PBXFileReference; lastKnownFileType = sourcecode.swift; path = ToDoService.swift; sourceTree = "<group>"; };
		7E4341912A39ADE4009CBAB7 /* OneButtonPopupView.swift */ = {isa = PBXFileReference; fileEncoding = 4; lastKnownFileType = sourcecode.swift; path = OneButtonPopupView.swift; sourceTree = "<group>"; };
		7E44391129FF659A002012E6 /* LogInViewController.swift */ = {isa = PBXFileReference; lastKnownFileType = sourcecode.swift; path = LogInViewController.swift; sourceTree = "<group>"; };
		7E44391529FFC2B2002012E6 /* EnterEmailViewController.swift */ = {isa = PBXFileReference; lastKnownFileType = sourcecode.swift; path = EnterEmailViewController.swift; sourceTree = "<group>"; };
		7E45B52D2A1325FE00479D47 /* EditGroupSettingViewController.swift */ = {isa = PBXFileReference; lastKnownFileType = sourcecode.swift; path = EditGroupSettingViewController.swift; sourceTree = "<group>"; };
		7E68C99A2A44918F00D76EBF /* NotificationSettingViewController.swift */ = {isa = PBXFileReference; lastKnownFileType = sourcecode.swift; path = NotificationSettingViewController.swift; sourceTree = "<group>"; };
		7E74A70A2A2D858900CE3B09 /* NavigationBarManager.swift */ = {isa = PBXFileReference; lastKnownFileType = sourcecode.swift; path = NavigationBarManager.swift; sourceTree = "<group>"; };
		7E966A132A1C5AC3001303A5 /* UIButton+ColorAnimation.swift */ = {isa = PBXFileReference; lastKnownFileType = sourcecode.swift; path = "UIButton+ColorAnimation.swift"; sourceTree = "<group>"; };
		7EA36AFE2A44496F005B4D08 /* KeyboardManager.swift */ = {isa = PBXFileReference; lastKnownFileType = sourcecode.swift; path = KeyboardManager.swift; sourceTree = "<group>"; };
		7EA36B002A445323005B4D08 /* TextFieldManager.swift */ = {isa = PBXFileReference; lastKnownFileType = sourcecode.swift; path = TextFieldManager.swift; sourceTree = "<group>"; };
		7EA36B022A445581005B4D08 /* ViewManager.swift */ = {isa = PBXFileReference; lastKnownFileType = sourcecode.swift; path = ViewManager.swift; sourceTree = "<group>"; };
		7EA36B042A445D77005B4D08 /* ImageViewMangager.swift */ = {isa = PBXFileReference; lastKnownFileType = sourcecode.swift; path = ImageViewMangager.swift; sourceTree = "<group>"; };
		7EB1CBC92A1E110400B87694 /* ResponseModel.swift */ = {isa = PBXFileReference; lastKnownFileType = sourcecode.swift; path = ResponseModel.swift; sourceTree = "<group>"; };
		7EB85D512A144AE700AAF263 /* AccountService.swift */ = {isa = PBXFileReference; lastKnownFileType = sourcecode.swift; path = AccountService.swift; sourceTree = "<group>"; };
		7EB85D532A144B1A00AAF263 /* APIConstant.swift */ = {isa = PBXFileReference; lastKnownFileType = sourcecode.swift; path = APIConstant.swift; sourceTree = "<group>"; };
		7EC171972A35A8470097CBD6 /* ToDoMainViewController.swift */ = {isa = PBXFileReference; lastKnownFileType = sourcecode.swift; path = ToDoMainViewController.swift; sourceTree = "<group>"; };
		7EC2E0422A24D09C00437CD6 /* ToDo.swift */ = {isa = PBXFileReference; lastKnownFileType = sourcecode.swift; path = ToDo.swift; sourceTree = "<group>"; };
		7EC2E04B2A24D18500437CD6 /* Color.swift */ = {isa = PBXFileReference; lastKnownFileType = sourcecode.swift; path = Color.swift; sourceTree = "<group>"; };
		7EC2E0502A24D3DA00437CD6 /* ColorCollectionViewCell.swift */ = {isa = PBXFileReference; lastKnownFileType = sourcecode.swift; path = ColorCollectionViewCell.swift; sourceTree = "<group>"; };
		7EC2E0562A24D55300437CD6 /* ToDoTableViewCell.swift */ = {isa = PBXFileReference; lastKnownFileType = sourcecode.swift; path = ToDoTableViewCell.swift; sourceTree = "<group>"; };
		7ED6990F2A011934008C2374 /* NetworkResult.swift */ = {isa = PBXFileReference; lastKnownFileType = sourcecode.swift; path = NetworkResult.swift; sourceTree = "<group>"; };
		7ED796852A1448A700ABC1C6 /* UserSession.swift */ = {isa = PBXFileReference; lastKnownFileType = sourcecode.swift; path = UserSession.swift; sourceTree = "<group>"; };
		7ED9CCFD2A0DD65D003489D5 /* FindPasswordViewController.swift */ = {isa = PBXFileReference; lastKnownFileType = sourcecode.swift; path = FindPasswordViewController.swift; sourceTree = "<group>"; };
		7EE2C8FF2A1B462D001F2D17 /* TwoButtonPopupView.swift */ = {isa = PBXFileReference; lastKnownFileType = sourcecode.swift; path = TwoButtonPopupView.swift; sourceTree = "<group>"; };
		7EFE8FBF2A123D0400369310 /* GroupSettingViewController.swift */ = {isa = PBXFileReference; lastKnownFileType = sourcecode.swift; path = GroupSettingViewController.swift; sourceTree = "<group>"; };
		7EFE8FC12A1263D700369310 /* EditProfileViewController.swift */ = {isa = PBXFileReference; lastKnownFileType = sourcecode.swift; path = EditProfileViewController.swift; sourceTree = "<group>"; };
		7EFE8FC32A12789000369310 /* ChangePasswordViewController.swift */ = {isa = PBXFileReference; lastKnownFileType = sourcecode.swift; path = ChangePasswordViewController.swift; sourceTree = "<group>"; };
		7EFE8FC52A12916700369310 /* DeleteAccountViewController.swift */ = {isa = PBXFileReference; lastKnownFileType = sourcecode.swift; path = DeleteAccountViewController.swift; sourceTree = "<group>"; };
/* End PBXFileReference section */

/* Begin PBXFrameworksBuildPhase section */
		7E0ED2BB29EE87FF0097DDEF /* Frameworks */ = {
			isa = PBXFrameworksBuildPhase;
			buildActionMask = 2147483647;
			files = (
				3EABEBD52ABC2A1E007D27AA /* FirebaseMessaging in Frameworks */,
				7E2E65B42A3D4549000D7296 /* Lottie in Frameworks */,
				7EB85D572A14544B00AAF263 /* KeychainAccess in Frameworks */,
				7E0BF87E29EF8221003291B9 /* SnapKit in Frameworks */,
				3E9CB2222AAC8C7B00C39625 /* FSCalendar in Frameworks */,
				7ED6990E2A0116B9008C2374 /* Alamofire in Frameworks */,
				3E28C0282B88B7430002E94E /* GoogleMobileAds in Frameworks */,
			);
			runOnlyForDeploymentPostprocessing = 0;
		};
/* End PBXFrameworksBuildPhase section */

/* Begin PBXGroup section */
		3E16E61E2ACC875D0001E4C0 /* Friend */ = {
			isa = PBXGroup;
			children = (
				3E16E61F2ACC87890001E4C0 /* FriendManagementViewController.swift */,
				3E16E6212ACF0AAE0001E4C0 /* AddViewController.swift */,
				3E16E6232ACF236D0001E4C0 /* MyFriendViewController.swift */,
				3E28C0202B88B6740002E94E /* DeleteFriendPopupViewController.swift */,
				3E28C0212B88B6740002E94E /* FriendToDoViewController.swift */,
				3E28C0222B88B6740002E94E /* TestCalendarViewController.swift */,
				3E16E6252ACF23BE0001E4C0 /* RecievedRequestViewController.swift */,
				3E16E6292ACFEA7C0001E4C0 /* RecievedRequestTableViewCell.swift */,
				3E9E4D972AD85ED8004EDAB6 /* FriendTableViewCell.swift */,
				3E9E4D992AD85FA1004EDAB6 /* DeleteFriendTableViewCell.swift */,
				3EFFEDBC2B9A339100849C1C /* FriendTodoTableViewCell.swift */,
			);
			path = Friend;
			sourceTree = "<group>";
		};
		7E0ED2B529EE87FF0097DDEF = {
			isa = PBXGroup;
			children = (
				7E0ED2C029EE87FF0097DDEF /* TODORI */,
				7E0ED2BF29EE87FF0097DDEF /* Products */,
				7EE627F229EF7E20000C8C46 /* Frameworks */,
			);
			sourceTree = "<group>";
		};
		7E0ED2BF29EE87FF0097DDEF /* Products */ = {
			isa = PBXGroup;
			children = (
				7E0ED2BE29EE87FF0097DDEF /* TODORI.app */,
			);
			name = Products;
			sourceTree = "<group>";
		};
		7E0ED2C029EE87FF0097DDEF /* TODORI */ = {
			isa = PBXGroup;
			children = (
				3EABEBDA2ABC3103007D27AA /* TODORIDebug.entitlements */,
				3EABEBD82ABC2D9F007D27AA /* GoogleService-Info.plist */,
				7E3B6E9F2A429C86008E49B4 /* Resource */,
				7E2482AC2A40A8E700B73209 /* Source */,
				7E0ED2CF29EE87FF0097DDEF /* Info.plist */,
			);
			path = TODORI;
			sourceTree = "<group>";
		};
		7E0ED2D829EE8AB50097DDEF /* View */ = {
			isa = PBXGroup;
			children = (
				7E4341912A39ADE4009CBAB7 /* OneButtonPopupView.swift */,
				7EE2C8FF2A1B462D001F2D17 /* TwoButtonPopupView.swift */,
			);
			path = View;
			sourceTree = "<group>";
		};
		7E0ED2D929EE8ABF0097DDEF /* ViewController */ = {
			isa = PBXGroup;
			children = (
				3E16E61E2ACC875D0001E4C0 /* Friend */,
				7E3B6EA22A42A780008E49B4 /* LaunchScreen */,
				7E3B6EA32A42A790008E49B4 /* SignUp */,
				7E3B6EA42A42A7C4008E49B4 /* Account */,
				7EC2E04D2A24D34D00437CD6 /* Main */,
				7E3B6EA52A42A7F9008E49B4 /* Mypage */,
			);
			path = ViewController;
			sourceTree = "<group>";
		};
		7E0ED2DA29EE8AC90097DDEF /* Network */ = {
			isa = PBXGroup;
			children = (
				7E3B6EA02A42A1C5008E49B4 /* API */,
				7E3B6EA12A42A1D9008E49B4 /* Service */,
				7ED6990F2A011934008C2374 /* NetworkResult.swift */,
			);
			path = Network;
			sourceTree = "<group>";
		};
		7E0ED2DB29EE8AD70097DDEF /* Utility */ = {
			isa = PBXGroup;
			children = (
				7E1948382A1492BB008EA0A2 /* Extension */,
				7EA36B062A445DA9005B4D08 /* Manager */,
				7ED796852A1448A700ABC1C6 /* UserSession.swift */,
				7EC2E0422A24D09C00437CD6 /* ToDo.swift */,
				3E16E6272ACFEA030001E4C0 /* Friend.swift */,
				7EC2E04B2A24D18500437CD6 /* Color.swift */,
				7E0710502A26AF2A00BD8AC7 /* DateFormat.swift */,
				7E966A132A1C5AC3001303A5 /* UIButton+ColorAnimation.swift */,
			);
			path = Utility;
			sourceTree = "<group>";
		};
		7E1948382A1492BB008EA0A2 /* Extension */ = {
			isa = PBXGroup;
			children = (
				7E1948392A1492D1008EA0A2 /* Extensions.swift */,
			);
			path = Extension;
			sourceTree = "<group>";
		};
		7E2482AC2A40A8E700B73209 /* Source */ = {
			isa = PBXGroup;
			children = (
				7E2482AD2A40A8F800B73209 /* Application */,
				7E0ED2D929EE8ABF0097DDEF /* ViewController */,
				7E0ED2D829EE8AB50097DDEF /* View */,
				7E0ED2DB29EE8AD70097DDEF /* Utility */,
				7E0ED2DA29EE8AC90097DDEF /* Network */,
			);
			path = Source;
			sourceTree = "<group>";
		};
		7E2482AD2A40A8F800B73209 /* Application */ = {
			isa = PBXGroup;
			children = (
				7E0ED2C129EE87FF0097DDEF /* AppDelegate.swift */,
				7E0ED2C329EE87FF0097DDEF /* SceneDelegate.swift */,
				7EBBFD912A04E22600F118F1 /* Model */,
			);
			path = Application;
			sourceTree = "<group>";
		};
		7E3B6E9F2A429C86008E49B4 /* Resource */ = {
			isa = PBXGroup;
			children = (
				7E0ED2CA29EE87FF0097DDEF /* Assets.xcassets */,
			);
			path = Resource;
			sourceTree = "<group>";
		};
		7E3B6EA02A42A1C5008E49B4 /* API */ = {
			isa = PBXGroup;
			children = (
				7EB85D532A144B1A00AAF263 /* APIConstant.swift */,
			);
			path = API;
			sourceTree = "<group>";
		};
		7E3B6EA12A42A1D9008E49B4 /* Service */ = {
			isa = PBXGroup;
			children = (
				7EB85D512A144AE700AAF263 /* AccountService.swift */,
				7E3CB59D2A1F7791004AC4C0 /* ToDoService.swift */,
				3E16E62B2ACFF0CB0001E4C0 /* FriendService.swift */,
			);
			path = Service;
			sourceTree = "<group>";
		};
		7E3B6EA22A42A780008E49B4 /* LaunchScreen */ = {
			isa = PBXGroup;
			children = (
				7E0BF87F29EF857A003291B9 /* LaunchScreenViewController.swift */,
			);
			path = LaunchScreen;
			sourceTree = "<group>";
		};
		7E3B6EA32A42A790008E49B4 /* SignUp */ = {
			isa = PBXGroup;
			children = (
				7E44391529FFC2B2002012E6 /* EnterEmailViewController.swift */,
				7E1A5AD92A00BDEF00008C2C /* EnterCodeViewController.swift */,
				7E1A5ADB2A00BE0800008C2C /* EnterProfileViewController.swift */,
				7E1A5ADD2A00BE1600008C2C /* FinishSignUpViewController.swift */,
			);
			path = SignUp;
			sourceTree = "<group>";
		};
		7E3B6EA42A42A7C4008E49B4 /* Account */ = {
			isa = PBXGroup;
			children = (
				7ED9CCFD2A0DD65D003489D5 /* FindPasswordViewController.swift */,
				7EFE8FC32A12789000369310 /* ChangePasswordViewController.swift */,
				7EFE8FC52A12916700369310 /* DeleteAccountViewController.swift */,
			);
			path = Account;
			sourceTree = "<group>";
		};
		7E3B6EA52A42A7F9008E49B4 /* Mypage */ = {
			isa = PBXGroup;
			children = (
				7E06F0172A0F76A8001EF117 /* MyPageViewController.swift */,
				7EFE8FC12A1263D700369310 /* EditProfileViewController.swift */,
				7EFE8FBF2A123D0400369310 /* GroupSettingViewController.swift */,
				7E45B52D2A1325FE00479D47 /* EditGroupSettingViewController.swift */,
				7E68C99A2A44918F00D76EBF /* NotificationSettingViewController.swift */,
			);
			path = Mypage;
			sourceTree = "<group>";
		};
		7EA36B062A445DA9005B4D08 /* Manager */ = {
			isa = PBXGroup;
			children = (
				7E74A70A2A2D858900CE3B09 /* NavigationBarManager.swift */,
				7E27869B2A2E05280082AA1B /* ButtonManager.swift */,
				7E3B6EA72A42D839008E49B4 /* LabelManager.swift */,
				7E19483B2A14A347008EA0A2 /* TokenManager.swift */,
				7EA36AFE2A44496F005B4D08 /* KeyboardManager.swift */,
				7EA36B002A445323005B4D08 /* TextFieldManager.swift */,
				7EA36B022A445581005B4D08 /* ViewManager.swift */,
				7EA36B042A445D77005B4D08 /* ImageViewMangager.swift */,
			);
			path = Manager;
			sourceTree = "<group>";
		};
		7EBBFD912A04E22600F118F1 /* Model */ = {
			isa = PBXGroup;
			children = (
				7EB1CBC92A1E110400B87694 /* ResponseModel.swift */,
			);
			path = Model;
			sourceTree = "<group>";
		};
		7EC2E04D2A24D34D00437CD6 /* Main */ = {
			isa = PBXGroup;
			children = (
				7E44391129FF659A002012E6 /* LogInViewController.swift */,
				7EC171972A35A8470097CBD6 /* ToDoMainViewController.swift */,
				7EC2E0562A24D55300437CD6 /* ToDoTableViewCell.swift */,
				7EC2E0502A24D3DA00437CD6 /* ColorCollectionViewCell.swift */,
				3E45D56E2A812E1700FC262F /* BottomSheetViewController.swift */,
			);
			path = Main;
			sourceTree = "<group>";
		};
		7EE627F229EF7E20000C8C46 /* Frameworks */ = {
			isa = PBXGroup;
			children = (
			);
			name = Frameworks;
			sourceTree = "<group>";
		};
/* End PBXGroup section */

/* Begin PBXNativeTarget section */
		7E0ED2BD29EE87FF0097DDEF /* TODORI */ = {
			isa = PBXNativeTarget;
			buildConfigurationList = 7E0ED2D229EE87FF0097DDEF /* Build configuration list for PBXNativeTarget "TODORI" */;
			buildPhases = (
				7E0ED2BA29EE87FF0097DDEF /* Sources */,
				7E0ED2BB29EE87FF0097DDEF /* Frameworks */,
				7E0ED2BC29EE87FF0097DDEF /* Resources */,
			);
			buildRules = (
			);
			dependencies = (
			);
			name = TODORI;
			packageProductDependencies = (
				7E0BF87D29EF8221003291B9 /* SnapKit */,
				7ED6990D2A0116B9008C2374 /* Alamofire */,
				7EB85D562A14544B00AAF263 /* KeychainAccess */,
				7E2E65B32A3D4549000D7296 /* Lottie */,
				3E9CB2212AAC8C7B00C39625 /* FSCalendar */,
				3EABEBD42ABC2A1E007D27AA /* FirebaseMessaging */,
				3E28C0272B88B7430002E94E /* GoogleMobileAds */,
			);
			productName = TODORI;
			productReference = 7E0ED2BE29EE87FF0097DDEF /* TODORI.app */;
			productType = "com.apple.product-type.application";
		};
/* End PBXNativeTarget section */

/* Begin PBXProject section */
		7E0ED2B629EE87FF0097DDEF /* Project object */ = {
			isa = PBXProject;
			attributes = {
				BuildIndependentTargetsInParallel = 1;
				LastSwiftUpdateCheck = 1420;
				LastUpgradeCheck = 1420;
				TargetAttributes = {
					7E0ED2BD29EE87FF0097DDEF = {
						CreatedOnToolsVersion = 14.2;
					};
				};
			};
			buildConfigurationList = 7E0ED2B929EE87FF0097DDEF /* Build configuration list for PBXProject "TODORI" */;
			compatibilityVersion = "Xcode 14.0";
			developmentRegion = en;
			hasScannedForEncodings = 0;
			knownRegions = (
				en,
				Base,
			);
			mainGroup = 7E0ED2B529EE87FF0097DDEF;
			packageReferences = (
				7EE627F329EF8157000C8C46 /* XCRemoteSwiftPackageReference "SnapKit" */,
				7ED6990C2A0116B9008C2374 /* XCRemoteSwiftPackageReference "Alamofire" */,
				7E4B667C2A02364000156651 /* XCRemoteSwiftPackageReference "FSCalendar" */,
				7EB85D552A14544B00AAF263 /* XCRemoteSwiftPackageReference "KeychainAccess" */,
				7E2E65B22A3D4549000D7296 /* XCRemoteSwiftPackageReference "lottie-ios" */,
				3EABEBD32ABC2A1E007D27AA /* XCRemoteSwiftPackageReference "firebase-ios-sdk" */,
				3E28C0262B88B7430002E94E /* XCRemoteSwiftPackageReference "swift-package-manager-google-mobile-ads" */,
			);
			productRefGroup = 7E0ED2BF29EE87FF0097DDEF /* Products */;
			projectDirPath = "";
			projectRoot = "";
			targets = (
				7E0ED2BD29EE87FF0097DDEF /* TODORI */,
			);
		};
/* End PBXProject section */

/* Begin PBXResourcesBuildPhase section */
		7E0ED2BC29EE87FF0097DDEF /* Resources */ = {
			isa = PBXResourcesBuildPhase;
			buildActionMask = 2147483647;
			files = (
				7E0ED2CB29EE87FF0097DDEF /* Assets.xcassets in Resources */,
				3EABEBD92ABC2D9F007D27AA /* GoogleService-Info.plist in Resources */,
			);
			runOnlyForDeploymentPostprocessing = 0;
		};
/* End PBXResourcesBuildPhase section */

/* Begin PBXSourcesBuildPhase section */
		7E0ED2BA29EE87FF0097DDEF /* Sources */ = {
			isa = PBXSourcesBuildPhase;
			buildActionMask = 2147483647;
			files = (
				3E16E6242ACF236D0001E4C0 /* MyFriendViewController.swift in Sources */,
				7E06F0182A0F76A8001EF117 /* MyPageViewController.swift in Sources */,
				7E0ED2C229EE87FF0097DDEF /* AppDelegate.swift in Sources */,
				3EFFEDBD2B9A339100849C1C /* FriendTodoTableViewCell.swift in Sources */,
				7E4341922A39ADE4009CBAB7 /* OneButtonPopupView.swift in Sources */,
				7EB85D522A144AE700AAF263 /* AccountService.swift in Sources */,
				3E28C0252B88B6740002E94E /* TestCalendarViewController.swift in Sources */,
				7E3B6EA82A42D839008E49B4 /* LabelManager.swift in Sources */,
				3E9E4D9A2AD85FA1004EDAB6 /* DeleteFriendTableViewCell.swift in Sources */,
				3E9E4D982AD85ED8004EDAB6 /* FriendTableViewCell.swift in Sources */,
				7EC2E0572A24D55300437CD6 /* ToDoTableViewCell.swift in Sources */,
				7E0ED2C429EE87FF0097DDEF /* SceneDelegate.swift in Sources */,
				7E44391229FF659A002012E6 /* LogInViewController.swift in Sources */,
				3E16E62A2ACFEA7C0001E4C0 /* RecievedRequestTableViewCell.swift in Sources */,
				7EA36AFF2A44496F005B4D08 /* KeyboardManager.swift in Sources */,
				7ED796862A1448A700ABC1C6 /* UserSession.swift in Sources */,
				7EFE8FC42A12789000369310 /* ChangePasswordViewController.swift in Sources */,
				7EFE8FC02A123D0400369310 /* GroupSettingViewController.swift in Sources */,
				7EC2E04C2A24D18500437CD6 /* Color.swift in Sources */,
				7EFE8FC62A12916700369310 /* DeleteAccountViewController.swift in Sources */,
				7EC2E0512A24D3DA00437CD6 /* ColorCollectionViewCell.swift in Sources */,
				7EC171982A35A8470097CBD6 /* ToDoMainViewController.swift in Sources */,
				7EFE8FC22A1263D700369310 /* EditProfileViewController.swift in Sources */,
				7EE2C9002A1B462D001F2D17 /* TwoButtonPopupView.swift in Sources */,
				3E16E6282ACFEA030001E4C0 /* Friend.swift in Sources */,
				7E0710512A26AF2A00BD8AC7 /* DateFormat.swift in Sources */,
				7EC2E0432A24D09C00437CD6 /* ToDo.swift in Sources */,
				3E16E62C2ACFF0CB0001E4C0 /* FriendService.swift in Sources */,
				3E16E6262ACF23BE0001E4C0 /* RecievedRequestViewController.swift in Sources */,
				7EA36B052A445D78005B4D08 /* ImageViewMangager.swift in Sources */,
				3E16E6202ACC87890001E4C0 /* FriendManagementViewController.swift in Sources */,
				7E1A5ADA2A00BDEF00008C2C /* EnterCodeViewController.swift in Sources */,
				3E28C0232B88B6740002E94E /* DeleteFriendPopupViewController.swift in Sources */,
				7EB1CBCA2A1E110400B87694 /* ResponseModel.swift in Sources */,
				7ED699102A011934008C2374 /* NetworkResult.swift in Sources */,
				7E966A142A1C5AC3001303A5 /* UIButton+ColorAnimation.swift in Sources */,
				7E0BF88029EF857A003291B9 /* LaunchScreenViewController.swift in Sources */,
				7E45B52E2A1325FE00479D47 /* EditGroupSettingViewController.swift in Sources */,
				7E1A5ADC2A00BE0800008C2C /* EnterProfileViewController.swift in Sources */,
				7EB85D542A144B1A00AAF263 /* APIConstant.swift in Sources */,
				7E1A5ADE2A00BE1600008C2C /* FinishSignUpViewController.swift in Sources */,
				7EA36B012A445323005B4D08 /* TextFieldManager.swift in Sources */,
				3E16E6222ACF0AAE0001E4C0 /* AddViewController.swift in Sources */,
				7E27869C2A2E05280082AA1B /* ButtonManager.swift in Sources */,
				3E28C0242B88B6740002E94E /* FriendToDoViewController.swift in Sources */,
				7E19483A2A1492D1008EA0A2 /* Extensions.swift in Sources */,
				7EA36B032A445581005B4D08 /* ViewManager.swift in Sources */,
				7E74A70B2A2D858900CE3B09 /* NavigationBarManager.swift in Sources */,
				7ED9CCFE2A0DD65D003489D5 /* FindPasswordViewController.swift in Sources */,
				7E19483C2A14A347008EA0A2 /* TokenManager.swift in Sources */,
				7E3CB59E2A1F7791004AC4C0 /* ToDoService.swift in Sources */,
				7E68C99B2A44918F00D76EBF /* NotificationSettingViewController.swift in Sources */,
				7E44391629FFC2B2002012E6 /* EnterEmailViewController.swift in Sources */,
				3E45D56F2A812E1700FC262F /* BottomSheetViewController.swift in Sources */,
			);
			runOnlyForDeploymentPostprocessing = 0;
		};
/* End PBXSourcesBuildPhase section */

/* Begin XCBuildConfiguration section */
		7E0ED2D029EE87FF0097DDEF /* Debug */ = {
			isa = XCBuildConfiguration;
			buildSettings = {
				ALWAYS_SEARCH_USER_PATHS = NO;
				CLANG_ANALYZER_NONNULL = YES;
				CLANG_ANALYZER_NUMBER_OBJECT_CONVERSION = YES_AGGRESSIVE;
				CLANG_CXX_LANGUAGE_STANDARD = "gnu++20";
				CLANG_ENABLE_MODULES = YES;
				CLANG_ENABLE_OBJC_ARC = YES;
				CLANG_ENABLE_OBJC_WEAK = YES;
				CLANG_WARN_BLOCK_CAPTURE_AUTORELEASING = YES;
				CLANG_WARN_BOOL_CONVERSION = YES;
				CLANG_WARN_COMMA = YES;
				CLANG_WARN_CONSTANT_CONVERSION = YES;
				CLANG_WARN_DEPRECATED_OBJC_IMPLEMENTATIONS = YES;
				CLANG_WARN_DIRECT_OBJC_ISA_USAGE = YES_ERROR;
				CLANG_WARN_DOCUMENTATION_COMMENTS = YES;
				CLANG_WARN_EMPTY_BODY = YES;
				CLANG_WARN_ENUM_CONVERSION = YES;
				CLANG_WARN_INFINITE_RECURSION = YES;
				CLANG_WARN_INT_CONVERSION = YES;
				CLANG_WARN_NON_LITERAL_NULL_CONVERSION = YES;
				CLANG_WARN_OBJC_IMPLICIT_RETAIN_SELF = YES;
				CLANG_WARN_OBJC_LITERAL_CONVERSION = YES;
				CLANG_WARN_OBJC_ROOT_CLASS = YES_ERROR;
				CLANG_WARN_QUOTED_INCLUDE_IN_FRAMEWORK_HEADER = YES;
				CLANG_WARN_RANGE_LOOP_ANALYSIS = YES;
				CLANG_WARN_STRICT_PROTOTYPES = YES;
				CLANG_WARN_SUSPICIOUS_MOVE = YES;
				CLANG_WARN_UNGUARDED_AVAILABILITY = YES_AGGRESSIVE;
				CLANG_WARN_UNREACHABLE_CODE = YES;
				CLANG_WARN__DUPLICATE_METHOD_MATCH = YES;
				COPY_PHASE_STRIP = NO;
				DEBUG_INFORMATION_FORMAT = dwarf;
				ENABLE_STRICT_OBJC_MSGSEND = YES;
				ENABLE_TESTABILITY = YES;
				GCC_C_LANGUAGE_STANDARD = gnu11;
				GCC_DYNAMIC_NO_PIC = NO;
				GCC_NO_COMMON_BLOCKS = YES;
				GCC_OPTIMIZATION_LEVEL = 0;
				GCC_PREPROCESSOR_DEFINITIONS = (
					"DEBUG=1",
					"$(inherited)",
				);
				GCC_WARN_64_TO_32_BIT_CONVERSION = YES;
				GCC_WARN_ABOUT_RETURN_TYPE = YES_ERROR;
				GCC_WARN_UNDECLARED_SELECTOR = YES;
				GCC_WARN_UNINITIALIZED_AUTOS = YES_AGGRESSIVE;
				GCC_WARN_UNUSED_FUNCTION = YES;
				GCC_WARN_UNUSED_VARIABLE = YES;
				INFOPLIST_KEY_UILaunchScreen_Generation = YES;
				IPHONEOS_DEPLOYMENT_TARGET = 16.2;
				MTL_ENABLE_DEBUG_INFO = INCLUDE_SOURCE;
				MTL_FAST_MATH = YES;
				ONLY_ACTIVE_ARCH = YES;
				SDKROOT = iphoneos;
				SWIFT_ACTIVE_COMPILATION_CONDITIONS = DEBUG;
				SWIFT_OPTIMIZATION_LEVEL = "-Onone";
			};
			name = Debug;
		};
		7E0ED2D129EE87FF0097DDEF /* Release */ = {
			isa = XCBuildConfiguration;
			buildSettings = {
				ALWAYS_SEARCH_USER_PATHS = NO;
				CLANG_ANALYZER_NONNULL = YES;
				CLANG_ANALYZER_NUMBER_OBJECT_CONVERSION = YES_AGGRESSIVE;
				CLANG_CXX_LANGUAGE_STANDARD = "gnu++20";
				CLANG_ENABLE_MODULES = YES;
				CLANG_ENABLE_OBJC_ARC = YES;
				CLANG_ENABLE_OBJC_WEAK = YES;
				CLANG_WARN_BLOCK_CAPTURE_AUTORELEASING = YES;
				CLANG_WARN_BOOL_CONVERSION = YES;
				CLANG_WARN_COMMA = YES;
				CLANG_WARN_CONSTANT_CONVERSION = YES;
				CLANG_WARN_DEPRECATED_OBJC_IMPLEMENTATIONS = YES;
				CLANG_WARN_DIRECT_OBJC_ISA_USAGE = YES_ERROR;
				CLANG_WARN_DOCUMENTATION_COMMENTS = YES;
				CLANG_WARN_EMPTY_BODY = YES;
				CLANG_WARN_ENUM_CONVERSION = YES;
				CLANG_WARN_INFINITE_RECURSION = YES;
				CLANG_WARN_INT_CONVERSION = YES;
				CLANG_WARN_NON_LITERAL_NULL_CONVERSION = YES;
				CLANG_WARN_OBJC_IMPLICIT_RETAIN_SELF = YES;
				CLANG_WARN_OBJC_LITERAL_CONVERSION = YES;
				CLANG_WARN_OBJC_ROOT_CLASS = YES_ERROR;
				CLANG_WARN_QUOTED_INCLUDE_IN_FRAMEWORK_HEADER = YES;
				CLANG_WARN_RANGE_LOOP_ANALYSIS = YES;
				CLANG_WARN_STRICT_PROTOTYPES = YES;
				CLANG_WARN_SUSPICIOUS_MOVE = YES;
				CLANG_WARN_UNGUARDED_AVAILABILITY = YES_AGGRESSIVE;
				CLANG_WARN_UNREACHABLE_CODE = YES;
				CLANG_WARN__DUPLICATE_METHOD_MATCH = YES;
				COPY_PHASE_STRIP = NO;
				DEBUG_INFORMATION_FORMAT = "dwarf-with-dsym";
				ENABLE_NS_ASSERTIONS = NO;
				ENABLE_STRICT_OBJC_MSGSEND = YES;
				GCC_C_LANGUAGE_STANDARD = gnu11;
				GCC_NO_COMMON_BLOCKS = YES;
				GCC_WARN_64_TO_32_BIT_CONVERSION = YES;
				GCC_WARN_ABOUT_RETURN_TYPE = YES_ERROR;
				GCC_WARN_UNDECLARED_SELECTOR = YES;
				GCC_WARN_UNINITIALIZED_AUTOS = YES_AGGRESSIVE;
				GCC_WARN_UNUSED_FUNCTION = YES;
				GCC_WARN_UNUSED_VARIABLE = YES;
				INFOPLIST_KEY_UILaunchScreen_Generation = YES;
				IPHONEOS_DEPLOYMENT_TARGET = 16.2;
				MTL_ENABLE_DEBUG_INFO = NO;
				MTL_FAST_MATH = YES;
				SDKROOT = iphoneos;
				SWIFT_COMPILATION_MODE = wholemodule;
				SWIFT_OPTIMIZATION_LEVEL = "-O";
				VALIDATE_PRODUCT = YES;
			};
			name = Release;
		};
		7E0ED2D329EE87FF0097DDEF /* Debug */ = {
			isa = XCBuildConfiguration;
			buildSettings = {
				ASSETCATALOG_COMPILER_APPICON_NAME = AppIcon;
				ASSETCATALOG_COMPILER_GLOBAL_ACCENT_COLOR_NAME = AccentColor;
				ASSETCATALOG_COMPILER_INCLUDE_ALL_APPICON_ASSETS = NO;
				CODE_SIGN_ENTITLEMENTS = TODORI/TODORIDebug.entitlements;
				CODE_SIGN_STYLE = Automatic;
				CURRENT_PROJECT_VERSION = 1;
				DEVELOPMENT_TEAM = D8W49RM7XB;
				GENERATE_INFOPLIST_FILE = YES;
				INFOPLIST_FILE = TODORI/Info.plist;
				INFOPLIST_KEY_CFBundleDisplayName = "토도리";
				INFOPLIST_KEY_LSApplicationCategoryType = "public.app-category.utilities";
				INFOPLIST_KEY_UIApplicationSupportsIndirectInputEvents = YES;
				INFOPLIST_KEY_UILaunchScreen_Generation = YES;
				INFOPLIST_KEY_UILaunchStoryboardName = LaunchScreen;
				INFOPLIST_KEY_UISupportedInterfaceOrientations_iPad = "UIInterfaceOrientationPortrait UIInterfaceOrientationPortraitUpsideDown UIInterfaceOrientationLandscapeLeft UIInterfaceOrientationLandscapeRight";
				INFOPLIST_KEY_UISupportedInterfaceOrientations_iPhone = "UIInterfaceOrientationPortrait UIInterfaceOrientationLandscapeLeft UIInterfaceOrientationLandscapeRight";
				INFOPLIST_KEY_UIUserInterfaceStyle = Light;
				IPHONEOS_DEPLOYMENT_TARGET = 15.0;
				LD_RUNPATH_SEARCH_PATHS = (
					"$(inherited)",
					"@executable_path/Frameworks",
				);
				MARKETING_VERSION = 1.1;
				PRODUCT_BUNDLE_IDENTIFIER = com.teamlotus.todori;
				PRODUCT_NAME = "$(TARGET_NAME)";
				SUPPORTED_PLATFORMS = "iphoneos iphonesimulator";
				SUPPORTS_MACCATALYST = NO;
				SUPPORTS_MAC_DESIGNED_FOR_IPHONE_IPAD = NO;
				SWIFT_EMIT_LOC_STRINGS = YES;
				SWIFT_VERSION = 5.0;
				TARGETED_DEVICE_FAMILY = 1;
			};
			name = Debug;
		};
		7E0ED2D429EE87FF0097DDEF /* Release */ = {
			isa = XCBuildConfiguration;
			buildSettings = {
				ASSETCATALOG_COMPILER_APPICON_NAME = AppIcon;
				ASSETCATALOG_COMPILER_GLOBAL_ACCENT_COLOR_NAME = AccentColor;
				ASSETCATALOG_COMPILER_INCLUDE_ALL_APPICON_ASSETS = NO;
				CODE_SIGN_STYLE = Automatic;
				CURRENT_PROJECT_VERSION = 1;
				DEVELOPMENT_TEAM = D8W49RM7XB;
				GENERATE_INFOPLIST_FILE = YES;
				INFOPLIST_FILE = TODORI/Info.plist;
				INFOPLIST_KEY_CFBundleDisplayName = "토도리";
				INFOPLIST_KEY_LSApplicationCategoryType = "public.app-category.utilities";
				INFOPLIST_KEY_UIApplicationSupportsIndirectInputEvents = YES;
				INFOPLIST_KEY_UILaunchScreen_Generation = YES;
				INFOPLIST_KEY_UILaunchStoryboardName = LaunchScreen;
				INFOPLIST_KEY_UISupportedInterfaceOrientations_iPad = "UIInterfaceOrientationPortrait UIInterfaceOrientationPortraitUpsideDown UIInterfaceOrientationLandscapeLeft UIInterfaceOrientationLandscapeRight";
				INFOPLIST_KEY_UISupportedInterfaceOrientations_iPhone = "UIInterfaceOrientationPortrait UIInterfaceOrientationLandscapeLeft UIInterfaceOrientationLandscapeRight";
				INFOPLIST_KEY_UIUserInterfaceStyle = Light;
				IPHONEOS_DEPLOYMENT_TARGET = 15.0;
				LD_RUNPATH_SEARCH_PATHS = (
					"$(inherited)",
					"@executable_path/Frameworks",
				);
				MARKETING_VERSION = 1.1;
				PRODUCT_BUNDLE_IDENTIFIER = com.teamlotus.todori;
				PRODUCT_NAME = "$(TARGET_NAME)";
				SUPPORTED_PLATFORMS = "iphoneos iphonesimulator";
				SUPPORTS_MACCATALYST = NO;
				SUPPORTS_MAC_DESIGNED_FOR_IPHONE_IPAD = NO;
				SWIFT_EMIT_LOC_STRINGS = YES;
				SWIFT_VERSION = 5.0;
				TARGETED_DEVICE_FAMILY = 1;
			};
			name = Release;
		};
/* End XCBuildConfiguration section */

/* Begin XCConfigurationList section */
		7E0ED2B929EE87FF0097DDEF /* Build configuration list for PBXProject "TODORI" */ = {
			isa = XCConfigurationList;
			buildConfigurations = (
				7E0ED2D029EE87FF0097DDEF /* Debug */,
				7E0ED2D129EE87FF0097DDEF /* Release */,
			);
			defaultConfigurationIsVisible = 0;
			defaultConfigurationName = Release;
		};
		7E0ED2D229EE87FF0097DDEF /* Build configuration list for PBXNativeTarget "TODORI" */ = {
			isa = XCConfigurationList;
			buildConfigurations = (
				7E0ED2D329EE87FF0097DDEF /* Debug */,
				7E0ED2D429EE87FF0097DDEF /* Release */,
			);
			defaultConfigurationIsVisible = 0;
			defaultConfigurationName = Release;
		};
/* End XCConfigurationList section */

/* Begin XCRemoteSwiftPackageReference section */
		3E28C0262B88B7430002E94E /* XCRemoteSwiftPackageReference "swift-package-manager-google-mobile-ads" */ = {
			isa = XCRemoteSwiftPackageReference;
			repositoryURL = "https://github.com/googleads/swift-package-manager-google-mobile-ads.git";
			requirement = {
				kind = upToNextMajorVersion;
				minimumVersion = 11.0.1;
			};
		};
		3EABEBD32ABC2A1E007D27AA /* XCRemoteSwiftPackageReference "firebase-ios-sdk" */ = {
			isa = XCRemoteSwiftPackageReference;
			repositoryURL = "https://github.com/firebase/firebase-ios-sdk";
			requirement = {
				kind = upToNextMajorVersion;
				minimumVersion = 10.0.0;
			};
		};
		7E2E65B22A3D4549000D7296 /* XCRemoteSwiftPackageReference "lottie-ios" */ = {
			isa = XCRemoteSwiftPackageReference;
			repositoryURL = "https://github.com/airbnb/lottie-ios";
			requirement = {
				kind = upToNextMajorVersion;
				minimumVersion = 4.0.0;
			};
		};
		7E4B667C2A02364000156651 /* XCRemoteSwiftPackageReference "FSCalendar" */ = {
			isa = XCRemoteSwiftPackageReference;
			repositoryURL = "https://github.com/WenchaoD/FSCalendar.git";
			requirement = {
				kind = upToNextMajorVersion;
				minimumVersion = 2.0.0;
			};
		};
		7EB85D552A14544B00AAF263 /* XCRemoteSwiftPackageReference "KeychainAccess" */ = {
			isa = XCRemoteSwiftPackageReference;
			repositoryURL = "https://github.com/kishikawakatsumi/KeychainAccess.git";
			requirement = {
				branch = master;
				kind = branch;
			};
		};
		7ED6990C2A0116B9008C2374 /* XCRemoteSwiftPackageReference "Alamofire" */ = {
			isa = XCRemoteSwiftPackageReference;
			repositoryURL = "https://github.com/Alamofire/Alamofire.git";
			requirement = {
				kind = upToNextMajorVersion;
				minimumVersion = 5.0.0;
			};
		};
		7EE627F329EF8157000C8C46 /* XCRemoteSwiftPackageReference "SnapKit" */ = {
			isa = XCRemoteSwiftPackageReference;
			repositoryURL = "https://github.com/SnapKit/SnapKit.git";
			requirement = {
				kind = upToNextMajorVersion;
				minimumVersion = 5.0.0;
			};
		};
/* End XCRemoteSwiftPackageReference section */

/* Begin XCSwiftPackageProductDependency section */
		3E28C0272B88B7430002E94E /* GoogleMobileAds */ = {
			isa = XCSwiftPackageProductDependency;
			package = 3E28C0262B88B7430002E94E /* XCRemoteSwiftPackageReference "swift-package-manager-google-mobile-ads" */;
			productName = GoogleMobileAds;
		};
		3E9CB2212AAC8C7B00C39625 /* FSCalendar */ = {
			isa = XCSwiftPackageProductDependency;
			package = 7E4B667C2A02364000156651 /* XCRemoteSwiftPackageReference "FSCalendar" */;
			productName = FSCalendar;
		};
		3EABEBD42ABC2A1E007D27AA /* FirebaseMessaging */ = {
			isa = XCSwiftPackageProductDependency;
			package = 3EABEBD32ABC2A1E007D27AA /* XCRemoteSwiftPackageReference "firebase-ios-sdk" */;
			productName = FirebaseMessaging;
		};
		7E0BF87D29EF8221003291B9 /* SnapKit */ = {
			isa = XCSwiftPackageProductDependency;
			package = 7EE627F329EF8157000C8C46 /* XCRemoteSwiftPackageReference "SnapKit" */;
			productName = SnapKit;
		};
		7E2E65B32A3D4549000D7296 /* Lottie */ = {
			isa = XCSwiftPackageProductDependency;
			package = 7E2E65B22A3D4549000D7296 /* XCRemoteSwiftPackageReference "lottie-ios" */;
			productName = Lottie;
		};
		7EB85D562A14544B00AAF263 /* KeychainAccess */ = {
			isa = XCSwiftPackageProductDependency;
			package = 7EB85D552A14544B00AAF263 /* XCRemoteSwiftPackageReference "KeychainAccess" */;
			productName = KeychainAccess;
		};
		7ED6990D2A0116B9008C2374 /* Alamofire */ = {
			isa = XCSwiftPackageProductDependency;
			package = 7ED6990C2A0116B9008C2374 /* XCRemoteSwiftPackageReference "Alamofire" */;
			productName = Alamofire;
		};
/* End XCSwiftPackageProductDependency section */
	};
	rootObject = 7E0ED2B629EE87FF0097DDEF /* Project object */;
}
